
Microsoft Visual Studio Solution File, Format Version 12.00
# Visual Studio 15
VisualStudioVersion = 15.0.27703.2047
MinimumVisualStudioVersion = 10.0.40219.1
Project("{8BC9CEB8-8B4A-11D0-8D11-00A0C91BC942}") = "2DHistGramFilter", "2DHistGramFilter\2DHistGramFilter.vcxproj", "{C401CCFC-DC19-4987-8886-B95EB314B52B}"
EndProject
Global
	GlobalSection(SolutionConfigurationPlatforms) = preSolution
		Debug|x64 = Debug|x64
		Debug|x86 = Debug|x86
		Release|x64 = Release|x64
		Release|x86 = Release|x86
	EndGlobalSection
	GlobalSection(ProjectConfigurationPlatforms) = postSolution
		{C401CCFC-DC19-4987-8886-B95EB314B52B}.Debug|x64.ActiveCfg = Debug|x64
		{C401CCFC-DC19-4987-8886-B95EB314B52B}.Debug|x64.Build.0 = Debug|x64
		{C401CCFC-DC19-4987-8886-B95EB314B52B}.Debug|x86.ActiveCfg = Debug|Win32
		{C401CCFC-DC19-4987-8886-B95EB314B52B}.Debug|x86.Build.0 = Debug|Win32
		{C401CCFC-DC19-4987-8886-B95EB314B52B}.Release|x64.ActiveCfg = Release|x64
		{C401CCFC-DC19-4987-8886-B95EB314B52B}.Release|x64.Build.0 = Release|x64
		{C401CCFC-DC19-4987-8886-B95EB314B52B}.Release|x86.ActiveCfg = Release|Win32
		{C401CCFC-DC19-4987-8886-B95EB314B52B}.Release|x86.Build.0 = Release|Win32
	EndGlobalSection
	GlobalSection(SolutionProperties) = preSolution
		HideSolutionNode = FALSE
	EndGlobalSection
	GlobalSection(ExtensibilityGlobals) = postSolution
		SolutionGuid = {A7FDE0FF-FF31-406C-BAA6-F832E46FAFA1}
	EndGlobalSection
EndGlobal
